// !$*UTF8*$!
{
	archiveVersion = 1;
	classes = {
	};
	objectVersion = 46;
	objects = {

/* Begin PBXBuildFile section */
		EA03D30D1BE152BB000328B6 /* sunset.jpg in Resources */ = {isa = PBXBuildFile; fileRef = EA03D30C1BE152BB000328B6 /* sunset.jpg */; };
		EA03D30F1BE15466000328B6 /* log_in-mobile.png in Resources */ = {isa = PBXBuildFile; fileRef = EA03D30E1BE15466000328B6 /* log_in-mobile.png */; };
		EA03D3111BE16A0E000328B6 /* palmtrees.jpg in Resources */ = {isa = PBXBuildFile; fileRef = EA03D3101BE16A0E000328B6 /* palmtrees.jpg */; };
		EA07E5811BAF288D001BC449 /* AppDelegate.swift in Sources */ = {isa = PBXBuildFile; fileRef = EA07E5801BAF288D001BC449 /* AppDelegate.swift */; };
		EA07E5881BAF288D001BC449 /* Images.xcassets in Resources */ = {isa = PBXBuildFile; fileRef = EA07E5871BAF288D001BC449 /* Images.xcassets */; };
		EA07E58B1BAF288D001BC449 /* LaunchScreen.xib in Resources */ = {isa = PBXBuildFile; fileRef = EA07E5891BAF288D001BC449 /* LaunchScreen.xib */; };
		EA07E5971BAF288D001BC449 /* PlaylistrTests.swift in Sources */ = {isa = PBXBuildFile; fileRef = EA07E5961BAF288D001BC449 /* PlaylistrTests.swift */; };
		EA07E5D51BAF47BF001BC449 /* HomeViewController.swift in Sources */ = {isa = PBXBuildFile; fileRef = EA07E5D41BAF47BF001BC449 /* HomeViewController.swift */; };
		EA3A97CC1BB8EAD2005CE103 /* RootViewController.swift in Sources */ = {isa = PBXBuildFile; fileRef = EA3A97CB1BB8EAD2005CE103 /* RootViewController.swift */; };
		EA718B371BB8F84600CBDC8D /* Main.storyboard in Resources */ = {isa = PBXBuildFile; fileRef = EA718B361BB8F84600CBDC8D /* Main.storyboard */; };
		EA82171F1BCF5C2800883779 /* DateConverter.swift in Sources */ = {isa = PBXBuildFile; fileRef = EA82171E1BCF5C2800883779 /* DateConverter.swift */; };
		EA8217221BD6DD4500883779 /* Playlist+CoreDataProperties.swift in Sources */ = {isa = PBXBuildFile; fileRef = EA8217211BD6DD4500883779 /* Playlist+CoreDataProperties.swift */; };
		EA8217261BD812CE00883779 /* ParsingPlaylist+CoreDataProperties.swift in Sources */ = {isa = PBXBuildFile; fileRef = EA8217241BD812CE00883779 /* ParsingPlaylist+CoreDataProperties.swift */; };
		EA9A71801BBA26980028DA4A /* CoreDataHelper.swift in Sources */ = {isa = PBXBuildFile; fileRef = EA9A717F1BBA26980028DA4A /* CoreDataHelper.swift */; };
		EA9A71821BBA449B0028DA4A /* PlaylistTableViewController.swift in Sources */ = {isa = PBXBuildFile; fileRef = EA9A71811BBA449B0028DA4A /* PlaylistTableViewController.swift */; };
		EA9A71891BBA508B0028DA4A /* PlaylistrModel.xcdatamodeld in Sources */ = {isa = PBXBuildFile; fileRef = EA9A71871BBA508B0028DA4A /* PlaylistrModel.xcdatamodeld */; };
		EA9A71931BBB7CFC0028DA4A /* Playlist.swift in Sources */ = {isa = PBXBuildFile; fileRef = EA9A71911BBB7CFC0028DA4A /* Playlist.swift */; };
		EA9A71971BBB87480028DA4A /* User.swift in Sources */ = {isa = PBXBuildFile; fileRef = EA9A71951BBB87480028DA4A /* User.swift */; };
		EA9A71991BBB88F30028DA4A /* SpotifyRequester.swift in Sources */ = {isa = PBXBuildFile; fileRef = EA9A71981BBB88F30028DA4A /* SpotifyRequester.swift */; };
		EA9A719B1BBB89230028DA4A /* SPTParser.swift in Sources */ = {isa = PBXBuildFile; fileRef = EA9A719A1BBB89230028DA4A /* SPTParser.swift */; };
		EA9A71AC1BBC66550028DA4A /* Year.swift in Sources */ = {isa = PBXBuildFile; fileRef = EA9A71A61BBC66550028DA4A /* Year.swift */; };
		EA9A71AE1BBC66550028DA4A /* Track.swift in Sources */ = {isa = PBXBuildFile; fileRef = EA9A71A81BBC66550028DA4A /* Track.swift */; };
		EA9A71B01BBC66550028DA4A /* ParsingPlaylist.swift in Sources */ = {isa = PBXBuildFile; fileRef = EA9A71AA1BBC66550028DA4A /* ParsingPlaylist.swift */; };
		EAA810AB1BD996A3005D1EA4 /* Track+CoreDataProperties.swift in Sources */ = {isa = PBXBuildFile; fileRef = EAA810A81BD996A3005D1EA4 /* Track+CoreDataProperties.swift */; };
		EAA810AC1BD996A3005D1EA4 /* Album+CoreDataProperties.swift in Sources */ = {isa = PBXBuildFile; fileRef = EAA810A91BD996A3005D1EA4 /* Album+CoreDataProperties.swift */; };
		EAA810AD1BD996A3005D1EA4 /* Album.swift in Sources */ = {isa = PBXBuildFile; fileRef = EAA810AA1BD996A3005D1EA4 /* Album.swift */; };
		EAA810AF1BD9AC9A005D1EA4 /* PlayerViewController.swift in Sources */ = {isa = PBXBuildFile; fileRef = EAA810AE1BD9AC9A005D1EA4 /* PlayerViewController.swift */; };
		EAAF919B1BD8842D00D946EB /* Year+CoreDataProperties.swift in Sources */ = {isa = PBXBuildFile; fileRef = EAAF919A1BD8842D00D946EB /* Year+CoreDataProperties.swift */; };
		EAAF919E1BD88CA900D946EB /* User+CoreDataProperties.swift in Sources */ = {isa = PBXBuildFile; fileRef = EAAF919D1BD88CA900D946EB /* User+CoreDataProperties.swift */; };
		EAC8971B1BDD78E100852C67 /* Spotify.framework in Frameworks */ = {isa = PBXBuildFile; fileRef = EAC8971A1BDD78E100852C67 /* Spotify.framework */; };
		EAD5E0291BB8912900BE68CA /* Config.swift in Sources */ = {isa = PBXBuildFile; fileRef = EAD5E0281BB8912900BE68CA /* Config.swift */; };
		EAD5E02F1BB8B36F00BE68CA /* LoginViewController.swift in Sources */ = {isa = PBXBuildFile; fileRef = EAD5E02E1BB8B36F00BE68CA /* LoginViewController.swift */; };
		EADC22941BAF868C00EB884A /* AVFoundation.framework in Frameworks */ = {isa = PBXBuildFile; fileRef = EADC22931BAF868C00EB884A /* AVFoundation.framework */; };
		EADC22961BAF869D00EB884A /* SystemConfiguration.framework in Frameworks */ = {isa = PBXBuildFile; fileRef = EADC22951BAF869D00EB884A /* SystemConfiguration.framework */; };
		EADC229B1BAF886A00EB884A /* SpotifyAuthenticator.swift in Sources */ = {isa = PBXBuildFile; fileRef = EADC229A1BAF886A00EB884A /* SpotifyAuthenticator.swift */; };
/* End PBXBuildFile section */

/* Begin PBXContainerItemProxy section */
		EA07E5911BAF288D001BC449 /* PBXContainerItemProxy */ = {
			isa = PBXContainerItemProxy;
			containerPortal = EA07E5731BAF288D001BC449 /* Project object */;
			proxyType = 1;
			remoteGlobalIDString = EA07E57A1BAF288D001BC449;
			remoteInfo = Playlistr;
		};
/* End PBXContainerItemProxy section */

/* Begin PBXFileReference section */
		EA03D30C1BE152BB000328B6 /* sunset.jpg */ = {isa = PBXFileReference; lastKnownFileType = image.jpeg; path = sunset.jpg; sourceTree = "<group>"; };
		EA03D30E1BE15466000328B6 /* log_in-mobile.png */ = {isa = PBXFileReference; lastKnownFileType = image.png; path = "log_in-mobile.png"; sourceTree = "<group>"; };
		EA03D3101BE16A0E000328B6 /* palmtrees.jpg */ = {isa = PBXFileReference; lastKnownFileType = image.jpeg; path = palmtrees.jpg; sourceTree = "<group>"; };
		EA07E57B1BAF288D001BC449 /* Playlistr.app */ = {isa = PBXFileReference; explicitFileType = wrapper.application; includeInIndex = 0; path = Playlistr.app; sourceTree = BUILT_PRODUCTS_DIR; };
		EA07E57F1BAF288D001BC449 /* Info.plist */ = {isa = PBXFileReference; lastKnownFileType = text.plist.xml; path = Info.plist; sourceTree = "<group>"; };
		EA07E5801BAF288D001BC449 /* AppDelegate.swift */ = {isa = PBXFileReference; lastKnownFileType = sourcecode.swift; path = AppDelegate.swift; sourceTree = "<group>"; };
		EA07E5871BAF288D001BC449 /* Images.xcassets */ = {isa = PBXFileReference; lastKnownFileType = folder.assetcatalog; path = Images.xcassets; sourceTree = "<group>"; };
		EA07E58A1BAF288D001BC449 /* Base */ = {isa = PBXFileReference; lastKnownFileType = file.xib; name = Base; path = Base.lproj/LaunchScreen.xib; sourceTree = "<group>"; };
		EA07E5901BAF288D001BC449 /* PlaylistrTests.xctest */ = {isa = PBXFileReference; explicitFileType = wrapper.cfbundle; includeInIndex = 0; path = PlaylistrTests.xctest; sourceTree = BUILT_PRODUCTS_DIR; };
		EA07E5951BAF288D001BC449 /* Info.plist */ = {isa = PBXFileReference; lastKnownFileType = text.plist.xml; path = Info.plist; sourceTree = "<group>"; };
		EA07E5961BAF288D001BC449 /* PlaylistrTests.swift */ = {isa = PBXFileReference; lastKnownFileType = sourcecode.swift; path = PlaylistrTests.swift; sourceTree = "<group>"; };
		EA07E5D41BAF47BF001BC449 /* HomeViewController.swift */ = {isa = PBXFileReference; fileEncoding = 4; lastKnownFileType = sourcecode.swift; path = HomeViewController.swift; sourceTree = "<group>"; };
		EA3874D31BC8321C00F1A369 /* PlaylistrModel 6.xcdatamodel */ = {isa = PBXFileReference; lastKnownFileType = wrapper.xcdatamodel; path = "PlaylistrModel 6.xcdatamodel"; sourceTree = "<group>"; };
		EA3A97CB1BB8EAD2005CE103 /* RootViewController.swift */ = {isa = PBXFileReference; fileEncoding = 4; lastKnownFileType = sourcecode.swift; path = RootViewController.swift; sourceTree = "<group>"; };
		EA718B361BB8F84600CBDC8D /* Main.storyboard */ = {isa = PBXFileReference; fileEncoding = 4; lastKnownFileType = file.storyboard; path = Main.storyboard; sourceTree = "<group>"; };
		EA82171E1BCF5C2800883779 /* DateConverter.swift */ = {isa = PBXFileReference; fileEncoding = 4; lastKnownFileType = sourcecode.swift; path = DateConverter.swift; sourceTree = "<group>"; };
		EA8217201BD6DD2E00883779 /* PlaylistrModel 7.xcdatamodel */ = {isa = PBXFileReference; lastKnownFileType = wrapper.xcdatamodel; path = "PlaylistrModel 7.xcdatamodel"; sourceTree = "<group>"; };
		EA8217211BD6DD4500883779 /* Playlist+CoreDataProperties.swift */ = {isa = PBXFileReference; fileEncoding = 4; lastKnownFileType = sourcecode.swift; name = "Playlist+CoreDataProperties.swift"; path = "../Playlist+CoreDataProperties.swift"; sourceTree = "<group>"; };
		EA8217231BD812B700883779 /* PlaylistrModel 8.xcdatamodel */ = {isa = PBXFileReference; lastKnownFileType = wrapper.xcdatamodel; path = "PlaylistrModel 8.xcdatamodel"; sourceTree = "<group>"; };
		EA8217241BD812CE00883779 /* ParsingPlaylist+CoreDataProperties.swift */ = {isa = PBXFileReference; fileEncoding = 4; lastKnownFileType = sourcecode.swift; name = "ParsingPlaylist+CoreDataProperties.swift"; path = "../ParsingPlaylist+CoreDataProperties.swift"; sourceTree = "<group>"; };
		EA9A717F1BBA26980028DA4A /* CoreDataHelper.swift */ = {isa = PBXFileReference; fileEncoding = 4; lastKnownFileType = sourcecode.swift; path = CoreDataHelper.swift; sourceTree = "<group>"; };
		EA9A71811BBA449B0028DA4A /* PlaylistTableViewController.swift */ = {isa = PBXFileReference; fileEncoding = 4; lastKnownFileType = sourcecode.swift; path = PlaylistTableViewController.swift; sourceTree = "<group>"; };
		EA9A71881BBA508B0028DA4A /* PlaylistrModel.xcdatamodel */ = {isa = PBXFileReference; lastKnownFileType = wrapper.xcdatamodel; path = PlaylistrModel.xcdatamodel; sourceTree = "<group>"; };
		EA9A71911BBB7CFC0028DA4A /* Playlist.swift */ = {isa = PBXFileReference; fileEncoding = 4; lastKnownFileType = sourcecode.swift; name = Playlist.swift; path = ../Playlist.swift; sourceTree = "<group>"; };
		EA9A71951BBB87480028DA4A /* User.swift */ = {isa = PBXFileReference; fileEncoding = 4; lastKnownFileType = sourcecode.swift; name = User.swift; path = ../User.swift; sourceTree = "<group>"; };
		EA9A71981BBB88F30028DA4A /* SpotifyRequester.swift */ = {isa = PBXFileReference; fileEncoding = 4; lastKnownFileType = sourcecode.swift; path = SpotifyRequester.swift; sourceTree = "<group>"; };
		EA9A719A1BBB89230028DA4A /* SPTParser.swift */ = {isa = PBXFileReference; fileEncoding = 4; lastKnownFileType = sourcecode.swift; path = SPTParser.swift; sourceTree = "<group>"; };
		EA9A719C1BBB941B0028DA4A /* PlaylistrModel 2.xcdatamodel */ = {isa = PBXFileReference; lastKnownFileType = wrapper.xcdatamodel; path = "PlaylistrModel 2.xcdatamodel"; sourceTree = "<group>"; };
		EA9A719D1BBC51CD0028DA4A /* PlaylistrModel 3.xcdatamodel */ = {isa = PBXFileReference; lastKnownFileType = wrapper.xcdatamodel; path = "PlaylistrModel 3.xcdatamodel"; sourceTree = "<group>"; };
		EA9A719E1BBC60AE0028DA4A /* PlaylistrModel 4.xcdatamodel */ = {isa = PBXFileReference; lastKnownFileType = wrapper.xcdatamodel; path = "PlaylistrModel 4.xcdatamodel"; sourceTree = "<group>"; };
		EA9A71A61BBC66550028DA4A /* Year.swift */ = {isa = PBXFileReference; fileEncoding = 4; lastKnownFileType = sourcecode.swift; name = Year.swift; path = ../Year.swift; sourceTree = "<group>"; };
		EA9A71A81BBC66550028DA4A /* Track.swift */ = {isa = PBXFileReference; fileEncoding = 4; lastKnownFileType = sourcecode.swift; name = Track.swift; path = ../Track.swift; sourceTree = "<group>"; };
		EA9A71AA1BBC66550028DA4A /* ParsingPlaylist.swift */ = {isa = PBXFileReference; fileEncoding = 4; lastKnownFileType = sourcecode.swift; name = ParsingPlaylist.swift; path = ../ParsingPlaylist.swift; sourceTree = "<group>"; };
		EAA810A71BD99663005D1EA4 /* PlaylistrModel 11.xcdatamodel */ = {isa = PBXFileReference; lastKnownFileType = wrapper.xcdatamodel; path = "PlaylistrModel 11.xcdatamodel"; sourceTree = "<group>"; };
		EAA810A81BD996A3005D1EA4 /* Track+CoreDataProperties.swift */ = {isa = PBXFileReference; fileEncoding = 4; lastKnownFileType = sourcecode.swift; name = "Track+CoreDataProperties.swift"; path = "../Track+CoreDataProperties.swift"; sourceTree = "<group>"; };
		EAA810A91BD996A3005D1EA4 /* Album+CoreDataProperties.swift */ = {isa = PBXFileReference; fileEncoding = 4; lastKnownFileType = sourcecode.swift; name = "Album+CoreDataProperties.swift"; path = "../Album+CoreDataProperties.swift"; sourceTree = "<group>"; };
		EAA810AA1BD996A3005D1EA4 /* Album.swift */ = {isa = PBXFileReference; fileEncoding = 4; lastKnownFileType = sourcecode.swift; name = Album.swift; path = ../Album.swift; sourceTree = "<group>"; };
		EAA810AE1BD9AC9A005D1EA4 /* PlayerViewController.swift */ = {isa = PBXFileReference; fileEncoding = 4; lastKnownFileType = sourcecode.swift; path = PlayerViewController.swift; sourceTree = "<group>"; };
		EAAF918F1BD8830000D946EB /* PlaylistrModel 9.xcdatamodel */ = {isa = PBXFileReference; lastKnownFileType = wrapper.xcdatamodel; path = "PlaylistrModel 9.xcdatamodel"; sourceTree = "<group>"; };
		EAAF919A1BD8842D00D946EB /* Year+CoreDataProperties.swift */ = {isa = PBXFileReference; fileEncoding = 4; lastKnownFileType = sourcecode.swift; name = "Year+CoreDataProperties.swift"; path = "../Year+CoreDataProperties.swift"; sourceTree = "<group>"; };
		EAAF919C1BD88C8200D946EB /* PlaylistrModel 10.xcdatamodel */ = {isa = PBXFileReference; lastKnownFileType = wrapper.xcdatamodel; path = "PlaylistrModel 10.xcdatamodel"; sourceTree = "<group>"; };
		EAAF919D1BD88CA900D946EB /* User+CoreDataProperties.swift */ = {isa = PBXFileReference; fileEncoding = 4; lastKnownFileType = sourcecode.swift; name = "User+CoreDataProperties.swift"; path = "../User+CoreDataProperties.swift"; sourceTree = "<group>"; };
		EAC8971A1BDD78E100852C67 /* Spotify.framework */ = {isa = PBXFileReference; lastKnownFileType = wrapper.framework; path = Spotify.framework; sourceTree = "<group>"; };
		EAD5E0281BB8912900BE68CA /* Config.swift */ = {isa = PBXFileReference; fileEncoding = 4; lastKnownFileType = sourcecode.swift; path = Config.swift; sourceTree = "<group>"; };
		EAD5E02E1BB8B36F00BE68CA /* LoginViewController.swift */ = {isa = PBXFileReference; fileEncoding = 4; lastKnownFileType = sourcecode.swift; path = LoginViewController.swift; sourceTree = "<group>"; };
		EADC22931BAF868C00EB884A /* AVFoundation.framework */ = {isa = PBXFileReference; lastKnownFileType = wrapper.framework; name = AVFoundation.framework; path = System/Library/Frameworks/AVFoundation.framework; sourceTree = SDKROOT; };
		EADC22951BAF869D00EB884A /* SystemConfiguration.framework */ = {isa = PBXFileReference; lastKnownFileType = wrapper.framework; name = SystemConfiguration.framework; path = System/Library/Frameworks/SystemConfiguration.framework; sourceTree = SDKROOT; };
		EADC22971BAF879900EB884A /* Playlistr-Bridging-Header.h */ = {isa = PBXFileReference; lastKnownFileType = sourcecode.c.h; path = "Playlistr-Bridging-Header.h"; sourceTree = "<group>"; };
		EADC229A1BAF886A00EB884A /* SpotifyAuthenticator.swift */ = {isa = PBXFileReference; fileEncoding = 4; lastKnownFileType = sourcecode.swift; path = SpotifyAuthenticator.swift; sourceTree = "<group>"; };
		EADCB3AF1BC4C8BD00024CEB /* PlaylistrModel 5.xcdatamodel */ = {isa = PBXFileReference; lastKnownFileType = wrapper.xcdatamodel; path = "PlaylistrModel 5.xcdatamodel"; sourceTree = "<group>"; };
/* End PBXFileReference section */

/* Begin PBXFrameworksBuildPhase section */
		EA07E5781BAF288D001BC449 /* Frameworks */ = {
			isa = PBXFrameworksBuildPhase;
			buildActionMask = 2147483647;
			files = (
				EADC22961BAF869D00EB884A /* SystemConfiguration.framework in Frameworks */,
				EAC8971B1BDD78E100852C67 /* Spotify.framework in Frameworks */,
				EADC22941BAF868C00EB884A /* AVFoundation.framework in Frameworks */,
			);
			runOnlyForDeploymentPostprocessing = 0;
		};
		EA07E58D1BAF288D001BC449 /* Frameworks */ = {
			isa = PBXFrameworksBuildPhase;
			buildActionMask = 2147483647;
			files = (
			);
			runOnlyForDeploymentPostprocessing = 0;
		};
/* End PBXFrameworksBuildPhase section */

/* Begin PBXGroup section */
		EA07E5721BAF288D001BC449 = {
			isa = PBXGroup;
			children = (
				EA07E57D1BAF288D001BC449 /* Playlistr */,
				EA07E5931BAF288D001BC449 /* PlaylistrTests */,
				EA07E57C1BAF288D001BC449 /* Products */,
				EADC228E1BAF856A00EB884A /* Frameworks */,
			);
			sourceTree = "<group>";
		};
		EA07E57C1BAF288D001BC449 /* Products */ = {
			isa = PBXGroup;
			children = (
				EA07E57B1BAF288D001BC449 /* Playlistr.app */,
				EA07E5901BAF288D001BC449 /* PlaylistrTests.xctest */,
			);
			name = Products;
			sourceTree = "<group>";
		};
		EA07E57D1BAF288D001BC449 /* Playlistr */ = {
			isa = PBXGroup;
			children = (
				EA07E5801BAF288D001BC449 /* AppDelegate.swift */,
				EA82171E1BCF5C2800883779 /* DateConverter.swift */,
				EADC229A1BAF886A00EB884A /* SpotifyAuthenticator.swift */,
				EAD5E02E1BB8B36F00BE68CA /* LoginViewController.swift */,
				EA3A97CB1BB8EAD2005CE103 /* RootViewController.swift */,
				EA07E5D41BAF47BF001BC449 /* HomeViewController.swift */,
				EA9A71811BBA449B0028DA4A /* PlaylistTableViewController.swift */,
				EAA810AE1BD9AC9A005D1EA4 /* PlayerViewController.swift */,
				EA9A71981BBB88F30028DA4A /* SpotifyRequester.swift */,
				EA9A719A1BBB89230028DA4A /* SPTParser.swift */,
				EA718B361BB8F84600CBDC8D /* Main.storyboard */,
				EA9A71861BBA503B0028DA4A /* CoreData */,
				EA07E57E1BAF288D001BC449 /* Supporting Files */,
			);
			path = Playlistr;
			sourceTree = "<group>";
		};
		EA07E57E1BAF288D001BC449 /* Supporting Files */ = {
			isa = PBXGroup;
			children = (
				EAD5E0281BB8912900BE68CA /* Config.swift */,
				EA07E5871BAF288D001BC449 /* Images.xcassets */,
				EA03D3101BE16A0E000328B6 /* palmtrees.jpg */,
				EA03D30C1BE152BB000328B6 /* sunset.jpg */,
				EA03D30E1BE15466000328B6 /* log_in-mobile.png */,
				EA07E5891BAF288D001BC449 /* LaunchScreen.xib */,
				EADC22971BAF879900EB884A /* Playlistr-Bridging-Header.h */,
				EA07E57F1BAF288D001BC449 /* Info.plist */,
			);
			name = "Supporting Files";
			sourceTree = "<group>";
		};
		EA07E5931BAF288D001BC449 /* PlaylistrTests */ = {
			isa = PBXGroup;
			children = (
				EA07E5961BAF288D001BC449 /* PlaylistrTests.swift */,
				EA07E5941BAF288D001BC449 /* Supporting Files */,
			);
			path = PlaylistrTests;
			sourceTree = "<group>";
		};
		EA07E5941BAF288D001BC449 /* Supporting Files */ = {
			isa = PBXGroup;
			children = (
				EA07E5951BAF288D001BC449 /* Info.plist */,
			);
			name = "Supporting Files";
			sourceTree = "<group>";
		};
		EA9A71861BBA503B0028DA4A /* CoreData */ = {
			isa = PBXGroup;
			children = (
				EAAF919D1BD88CA900D946EB /* User+CoreDataProperties.swift */,
				EA9A71951BBB87480028DA4A /* User.swift */,
				EA8217211BD6DD4500883779 /* Playlist+CoreDataProperties.swift */,
				EA9A71911BBB7CFC0028DA4A /* Playlist.swift */,
				EAAF919A1BD8842D00D946EB /* Year+CoreDataProperties.swift */,
				EA9A71A61BBC66550028DA4A /* Year.swift */,
				EAA810A81BD996A3005D1EA4 /* Track+CoreDataProperties.swift */,
				EA9A71A81BBC66550028DA4A /* Track.swift */,
				EAA810A91BD996A3005D1EA4 /* Album+CoreDataProperties.swift */,
				EAA810AA1BD996A3005D1EA4 /* Album.swift */,
				EA8217241BD812CE00883779 /* ParsingPlaylist+CoreDataProperties.swift */,
				EA9A71AA1BBC66550028DA4A /* ParsingPlaylist.swift */,
				EA9A717F1BBA26980028DA4A /* CoreDataHelper.swift */,
				EA9A71871BBA508B0028DA4A /* PlaylistrModel.xcdatamodeld */,
			);
			name = CoreData;
			sourceTree = "<group>";
		};
		EADC228E1BAF856A00EB884A /* Frameworks */ = {
			isa = PBXGroup;
			children = (
				EADC22951BAF869D00EB884A /* SystemConfiguration.framework */,
				EADC22931BAF868C00EB884A /* AVFoundation.framework */,
				EAC8971A1BDD78E100852C67 /* Spotify.framework */,
			);
			name = Frameworks;
			path = Playlistr;
			sourceTree = "<group>";
		};
/* End PBXGroup section */

/* Begin PBXNativeTarget section */
		EA07E57A1BAF288D001BC449 /* Playlistr */ = {
			isa = PBXNativeTarget;
			buildConfigurationList = EA07E59A1BAF288D001BC449 /* Build configuration list for PBXNativeTarget "Playlistr" */;
			buildPhases = (
				EA07E5771BAF288D001BC449 /* Sources */,
				EA07E5781BAF288D001BC449 /* Frameworks */,
				EA07E5791BAF288D001BC449 /* Resources */,
			);
			buildRules = (
			);
			dependencies = (
			);
			name = Playlistr;
			productName = Playlistr;
			productReference = EA07E57B1BAF288D001BC449 /* Playlistr.app */;
			productType = "com.apple.product-type.application";
		};
		EA07E58F1BAF288D001BC449 /* PlaylistrTests */ = {
			isa = PBXNativeTarget;
			buildConfigurationList = EA07E59D1BAF288D001BC449 /* Build configuration list for PBXNativeTarget "PlaylistrTests" */;
			buildPhases = (
				EA07E58C1BAF288D001BC449 /* Sources */,
				EA07E58D1BAF288D001BC449 /* Frameworks */,
				EA07E58E1BAF288D001BC449 /* Resources */,
			);
			buildRules = (
			);
			dependencies = (
				EA07E5921BAF288D001BC449 /* PBXTargetDependency */,
			);
			name = PlaylistrTests;
			productName = PlaylistrTests;
			productReference = EA07E5901BAF288D001BC449 /* PlaylistrTests.xctest */;
			productType = "com.apple.product-type.bundle.unit-test";
		};
/* End PBXNativeTarget section */

/* Begin PBXProject section */
		EA07E5731BAF288D001BC449 /* Project object */ = {
			isa = PBXProject;
			attributes = {
				LastSwiftUpdateCheck = 0700;
				LastUpgradeCheck = 0640;
				ORGANIZATIONNAME = "Katelyn Findlay";
				TargetAttributes = {
					EA07E57A1BAF288D001BC449 = {
						CreatedOnToolsVersion = 6.4;
						DevelopmentTeam = A763TL54A9;
					};
					EA07E58F1BAF288D001BC449 = {
						CreatedOnToolsVersion = 6.4;
						TestTargetID = EA07E57A1BAF288D001BC449;
					};
				};
			};
			buildConfigurationList = EA07E5761BAF288D001BC449 /* Build configuration list for PBXProject "Playlistr" */;
			compatibilityVersion = "Xcode 3.2";
			developmentRegion = English;
			hasScannedForEncodings = 0;
			knownRegions = (
				en,
				Base,
			);
			mainGroup = EA07E5721BAF288D001BC449;
			productRefGroup = EA07E57C1BAF288D001BC449 /* Products */;
			projectDirPath = "";
			projectRoot = "";
			targets = (
				EA07E57A1BAF288D001BC449 /* Playlistr */,
				EA07E58F1BAF288D001BC449 /* PlaylistrTests */,
			);
		};
/* End PBXProject section */

/* Begin PBXResourcesBuildPhase section */
		EA07E5791BAF288D001BC449 /* Resources */ = {
			isa = PBXResourcesBuildPhase;
			buildActionMask = 2147483647;
			files = (
				EA03D30D1BE152BB000328B6 /* sunset.jpg in Resources */,
				EA718B371BB8F84600CBDC8D /* Main.storyboard in Resources */,
				EA03D3111BE16A0E000328B6 /* palmtrees.jpg in Resources */,
				EA07E58B1BAF288D001BC449 /* LaunchScreen.xib in Resources */,
				EA07E5881BAF288D001BC449 /* Images.xcassets in Resources */,
				EA03D30F1BE15466000328B6 /* log_in-mobile.png in Resources */,
			);
			runOnlyForDeploymentPostprocessing = 0;
		};
		EA07E58E1BAF288D001BC449 /* Resources */ = {
			isa = PBXResourcesBuildPhase;
			buildActionMask = 2147483647;
			files = (
			);
			runOnlyForDeploymentPostprocessing = 0;
		};
/* End PBXResourcesBuildPhase section */

/* Begin PBXSourcesBuildPhase section */
		EA07E5771BAF288D001BC449 /* Sources */ = {
			isa = PBXSourcesBuildPhase;
			buildActionMask = 2147483647;
			files = (
				EA9A71B01BBC66550028DA4A /* ParsingPlaylist.swift in Sources */,
				EA9A71801BBA26980028DA4A /* CoreDataHelper.swift in Sources */,
				EAD5E02F1BB8B36F00BE68CA /* LoginViewController.swift in Sources */,
				EA9A71991BBB88F30028DA4A /* SpotifyRequester.swift in Sources */,
				EA9A71931BBB7CFC0028DA4A /* Playlist.swift in Sources */,
				EA9A71971BBB87480028DA4A /* User.swift in Sources */,
				EA3A97CC1BB8EAD2005CE103 /* RootViewController.swift in Sources */,
				EAA810AF1BD9AC9A005D1EA4 /* PlayerViewController.swift in Sources */,
				EA9A71AC1BBC66550028DA4A /* Year.swift in Sources */,
				EA9A719B1BBB89230028DA4A /* SPTParser.swift in Sources */,
				EAA810AD1BD996A3005D1EA4 /* Album.swift in Sources */,
				EA82171F1BCF5C2800883779 /* DateConverter.swift in Sources */,
				EA8217261BD812CE00883779 /* ParsingPlaylist+CoreDataProperties.swift in Sources */,
				EA9A71891BBA508B0028DA4A /* PlaylistrModel.xcdatamodeld in Sources */,
				EADC229B1BAF886A00EB884A /* SpotifyAuthenticator.swift in Sources */,
				EA07E5811BAF288D001BC449 /* AppDelegate.swift in Sources */,
				EAD5E0291BB8912900BE68CA /* Config.swift in Sources */,
				EA07E5D51BAF47BF001BC449 /* HomeViewController.swift in Sources */,
				EA8217221BD6DD4500883779 /* Playlist+CoreDataProperties.swift in Sources */,
				EAA810AB1BD996A3005D1EA4 /* Track+CoreDataProperties.swift in Sources */,
				EAAF919B1BD8842D00D946EB /* Year+CoreDataProperties.swift in Sources */,
				EAAF919E1BD88CA900D946EB /* User+CoreDataProperties.swift in Sources */,
				EAA810AC1BD996A3005D1EA4 /* Album+CoreDataProperties.swift in Sources */,
				EA9A71821BBA449B0028DA4A /* PlaylistTableViewController.swift in Sources */,
				EA9A71AE1BBC66550028DA4A /* Track.swift in Sources */,
			);
			runOnlyForDeploymentPostprocessing = 0;
		};
		EA07E58C1BAF288D001BC449 /* Sources */ = {
			isa = PBXSourcesBuildPhase;
			buildActionMask = 2147483647;
			files = (
				EA07E5971BAF288D001BC449 /* PlaylistrTests.swift in Sources */,
			);
			runOnlyForDeploymentPostprocessing = 0;
		};
/* End PBXSourcesBuildPhase section */

/* Begin PBXTargetDependency section */
		EA07E5921BAF288D001BC449 /* PBXTargetDependency */ = {
			isa = PBXTargetDependency;
			target = EA07E57A1BAF288D001BC449 /* Playlistr */;
			targetProxy = EA07E5911BAF288D001BC449 /* PBXContainerItemProxy */;
		};
/* End PBXTargetDependency section */

/* Begin PBXVariantGroup section */
		EA07E5891BAF288D001BC449 /* LaunchScreen.xib */ = {
			isa = PBXVariantGroup;
			children = (
				EA07E58A1BAF288D001BC449 /* Base */,
			);
			name = LaunchScreen.xib;
			sourceTree = "<group>";
		};
/* End PBXVariantGroup section */

/* Begin XCBuildConfiguration section */
		EA07E5981BAF288D001BC449 /* Debug */ = {
			isa = XCBuildConfiguration;
			buildSettings = {
				ALWAYS_SEARCH_USER_PATHS = NO;
				CLANG_CXX_LANGUAGE_STANDARD = "gnu++0x";
				CLANG_CXX_LIBRARY = "libc++";
				CLANG_ENABLE_MODULES = YES;
				CLANG_ENABLE_OBJC_ARC = YES;
				CLANG_WARN_BOOL_CONVERSION = YES;
				CLANG_WARN_CONSTANT_CONVERSION = YES;
				CLANG_WARN_DIRECT_OBJC_ISA_USAGE = YES_ERROR;
				CLANG_WARN_EMPTY_BODY = YES;
				CLANG_WARN_ENUM_CONVERSION = YES;
				CLANG_WARN_INT_CONVERSION = YES;
				CLANG_WARN_OBJC_ROOT_CLASS = YES_ERROR;
				CLANG_WARN_UNREACHABLE_CODE = YES;
				CLANG_WARN__DUPLICATE_METHOD_MATCH = YES;
				"CODE_SIGN_IDENTITY[sdk=iphoneos*]" = "iPhone Developer";
				COPY_PHASE_STRIP = NO;
				DEBUG_INFORMATION_FORMAT = "dwarf-with-dsym";
				ENABLE_STRICT_OBJC_MSGSEND = YES;
				GCC_C_LANGUAGE_STANDARD = gnu99;
				GCC_DYNAMIC_NO_PIC = NO;
				GCC_NO_COMMON_BLOCKS = YES;
				GCC_OPTIMIZATION_LEVEL = 0;
				GCC_PREPROCESSOR_DEFINITIONS = (
					"DEBUG=1",
					"$(inherited)",
				);
				GCC_SYMBOLS_PRIVATE_EXTERN = NO;
				GCC_WARN_64_TO_32_BIT_CONVERSION = YES;
				GCC_WARN_ABOUT_RETURN_TYPE = YES_ERROR;
				GCC_WARN_UNDECLARED_SELECTOR = YES;
				GCC_WARN_UNINITIALIZED_AUTOS = YES_AGGRESSIVE;
				GCC_WARN_UNUSED_FUNCTION = YES;
				GCC_WARN_UNUSED_VARIABLE = YES;
				IPHONEOS_DEPLOYMENT_TARGET = 8.4;
				MTL_ENABLE_DEBUG_INFO = YES;
				ONLY_ACTIVE_ARCH = YES;
				SDKROOT = iphoneos;
				SWIFT_OPTIMIZATION_LEVEL = "-Onone";
				TARGETED_DEVICE_FAMILY = "1,2";
			};
			name = Debug;
		};
		EA07E5991BAF288D001BC449 /* Release */ = {
			isa = XCBuildConfiguration;
			buildSettings = {
				ALWAYS_SEARCH_USER_PATHS = NO;
				CLANG_CXX_LANGUAGE_STANDARD = "gnu++0x";
				CLANG_CXX_LIBRARY = "libc++";
				CLANG_ENABLE_MODULES = YES;
				CLANG_ENABLE_OBJC_ARC = YES;
				CLANG_WARN_BOOL_CONVERSION = YES;
				CLANG_WARN_CONSTANT_CONVERSION = YES;
				CLANG_WARN_DIRECT_OBJC_ISA_USAGE = YES_ERROR;
				CLANG_WARN_EMPTY_BODY = YES;
				CLANG_WARN_ENUM_CONVERSION = YES;
				CLANG_WARN_INT_CONVERSION = YES;
				CLANG_WARN_OBJC_ROOT_CLASS = YES_ERROR;
				CLANG_WARN_UNREACHABLE_CODE = YES;
				CLANG_WARN__DUPLICATE_METHOD_MATCH = YES;
				"CODE_SIGN_IDENTITY[sdk=iphoneos*]" = "iPhone Developer";
				COPY_PHASE_STRIP = NO;
				DEBUG_INFORMATION_FORMAT = "dwarf-with-dsym";
				ENABLE_NS_ASSERTIONS = NO;
				ENABLE_STRICT_OBJC_MSGSEND = YES;
				GCC_C_LANGUAGE_STANDARD = gnu99;
				GCC_NO_COMMON_BLOCKS = YES;
				GCC_WARN_64_TO_32_BIT_CONVERSION = YES;
				GCC_WARN_ABOUT_RETURN_TYPE = YES_ERROR;
				GCC_WARN_UNDECLARED_SELECTOR = YES;
				GCC_WARN_UNINITIALIZED_AUTOS = YES_AGGRESSIVE;
				GCC_WARN_UNUSED_FUNCTION = YES;
				GCC_WARN_UNUSED_VARIABLE = YES;
				IPHONEOS_DEPLOYMENT_TARGET = 8.4;
				MTL_ENABLE_DEBUG_INFO = NO;
				SDKROOT = iphoneos;
				TARGETED_DEVICE_FAMILY = "1,2";
				VALIDATE_PRODUCT = YES;
			};
			name = Release;
		};
		EA07E59B1BAF288D001BC449 /* Debug */ = {
			isa = XCBuildConfiguration;
			buildSettings = {
				ASSETCATALOG_COMPILER_APPICON_NAME = AppIcon;
				CLANG_ENABLE_MODULES = YES;
				CODE_SIGN_IDENTITY = "iPhone Developer";
				"CODE_SIGN_IDENTITY[sdk=iphoneos*]" = "iPhone Developer";
				ENABLE_BITCODE = NO;
				FRAMEWORK_SEARCH_PATHS = (
					"$(inherited)",
					"$(PROJECT_DIR)/Playlistr",
				);
				INFOPLIST_FILE = Playlistr/Info.plist;
				IPHONEOS_DEPLOYMENT_TARGET = 9.0;
				LD_RUNPATH_SEARCH_PATHS = "$(inherited) @executable_path/Frameworks";
				OTHER_LDFLAGS = "-ObjC";
				PRODUCT_NAME = "$(TARGET_NAME)";
				PROVISIONING_PROFILE = "";
				SWIFT_OBJC_BRIDGING_HEADER = "Playlistr/Playlistr-Bridging-Header.h";
				SWIFT_OPTIMIZATION_LEVEL = "-Onone";
			};
			name = Debug;
		};
		EA07E59C1BAF288D001BC449 /* Release */ = {
			isa = XCBuildConfiguration;
			buildSettings = {
				ASSETCATALOG_COMPILER_APPICON_NAME = AppIcon;
				CLANG_ENABLE_MODULES = YES;
				CODE_SIGN_IDENTITY = "iPhone Developer";
				"CODE_SIGN_IDENTITY[sdk=iphoneos*]" = "iPhone Developer";
				ENABLE_BITCODE = NO;
				FRAMEWORK_SEARCH_PATHS = (
					"$(inherited)",
					"$(PROJECT_DIR)/Playlistr",
				);
				INFOPLIST_FILE = Playlistr/Info.plist;
				IPHONEOS_DEPLOYMENT_TARGET = 9.0;
				LD_RUNPATH_SEARCH_PATHS = "$(inherited) @executable_path/Frameworks";
				OTHER_LDFLAGS = "-ObjC";
				PRODUCT_NAME = "$(TARGET_NAME)";
				PROVISIONING_PROFILE = "";
				SWIFT_OBJC_BRIDGING_HEADER = "Playlistr/Playlistr-Bridging-Header.h";
			};
			name = Release;
		};
		EA07E59E1BAF288D001BC449 /* Debug */ = {
			isa = XCBuildConfiguration;
			buildSettings = {
				BUNDLE_LOADER = "$(TEST_HOST)";
				FRAMEWORK_SEARCH_PATHS = (
					"$(SDKROOT)/Developer/Library/Frameworks",
					"$(inherited)",
				);
				GCC_PREPROCESSOR_DEFINITIONS = (
					"DEBUG=1",
					"$(inherited)",
				);
				INFOPLIST_FILE = PlaylistrTests/Info.plist;
				LD_RUNPATH_SEARCH_PATHS = "$(inherited) @executable_path/Frameworks @loader_path/Frameworks";
				PRODUCT_NAME = "$(TARGET_NAME)";
				TEST_HOST = "$(BUILT_PRODUCTS_DIR)/Playlistr.app/Playlistr";
			};
			name = Debug;
		};
		EA07E59F1BAF288D001BC449 /* Release */ = {
			isa = XCBuildConfiguration;
			buildSettings = {
				BUNDLE_LOADER = "$(TEST_HOST)";
				FRAMEWORK_SEARCH_PATHS = (
					"$(SDKROOT)/Developer/Library/Frameworks",
					"$(inherited)",
				);
				INFOPLIST_FILE = PlaylistrTests/Info.plist;
				LD_RUNPATH_SEARCH_PATHS = "$(inherited) @executable_path/Frameworks @loader_path/Frameworks";
				PRODUCT_NAME = "$(TARGET_NAME)";
				TEST_HOST = "$(BUILT_PRODUCTS_DIR)/Playlistr.app/Playlistr";
			};
			name = Release;
		};
/* End XCBuildConfiguration section */

/* Begin XCConfigurationList section */
		EA07E5761BAF288D001BC449 /* Build configuration list for PBXProject "Playlistr" */ = {
			isa = XCConfigurationList;
			buildConfigurations = (
				EA07E5981BAF288D001BC449 /* Debug */,
				EA07E5991BAF288D001BC449 /* Release */,
			);
			defaultConfigurationIsVisible = 0;
			defaultConfigurationName = Release;
		};
		EA07E59A1BAF288D001BC449 /* Build configuration list for PBXNativeTarget "Playlistr" */ = {
			isa = XCConfigurationList;
			buildConfigurations = (
				EA07E59B1BAF288D001BC449 /* Debug */,
				EA07E59C1BAF288D001BC449 /* Release */,
			);
			defaultConfigurationIsVisible = 0;
			defaultConfigurationName = Release;
		};
		EA07E59D1BAF288D001BC449 /* Build configuration list for PBXNativeTarget "PlaylistrTests" */ = {
			isa = XCConfigurationList;
			buildConfigurations = (
				EA07E59E1BAF288D001BC449 /* Debug */,
				EA07E59F1BAF288D001BC449 /* Release */,
			);
			defaultConfigurationIsVisible = 0;
			defaultConfigurationName = Release;
		};
/* End XCConfigurationList section */

/* Begin XCVersionGroup section */
		EA9A71871BBA508B0028DA4A /* PlaylistrModel.xcdatamodeld */ = {
			isa = XCVersionGroup;
			children = (
				EAA810A71BD99663005D1EA4 /* PlaylistrModel 11.xcdatamodel */,
				EAAF919C1BD88C8200D946EB /* PlaylistrModel 10.xcdatamodel */,
				EAAF918F1BD8830000D946EB /* PlaylistrModel 9.xcdatamodel */,
				EA8217231BD812B700883779 /* PlaylistrModel 8.xcdatamodel */,
				EA8217201BD6DD2E00883779 /* PlaylistrModel 7.xcdatamodel */,
				EA3874D31BC8321C00F1A369 /* PlaylistrModel 6.xcdatamodel */,
				EADCB3AF1BC4C8BD00024CEB /* PlaylistrModel 5.xcdatamodel */,
				EA9A719E1BBC60AE0028DA4A /* PlaylistrModel 4.xcdatamodel */,
				EA9A719D1BBC51CD0028DA4A /* PlaylistrModel 3.xcdatamodel */,
				EA9A719C1BBB941B0028DA4A /* PlaylistrModel 2.xcdatamodel */,
				EA9A71881BBA508B0028DA4A /* PlaylistrModel.xcdatamodel */,
			);
			currentVersion = EAA810A71BD99663005D1EA4 /* PlaylistrModel 11.xcdatamodel */;
			path = PlaylistrModel.xcdatamodeld;
			sourceTree = "<group>";
			versionGroupType = wrapper.xcdatamodel;
		};
/* End XCVersionGroup section */
	};
	rootObject = EA07E5731BAF288D001BC449 /* Project object */;
}
